
Microsoft Visual Studio Solution File, Format Version 12.00
# Visual Studio Version 16
VisualStudioVersion = 16.0.33529.622
MinimumVisualStudioVersion = 10.0.40219.1
Project("{FAE04EC0-301F-11D3-BF4B-00C04F79EFBC}") = "Method_Class1", "Method_Class1.csproj", "{42272846-6C3C-4416-BFCB-0D792A3ABCB6}"
EndProject
Global
	GlobalSection(SolutionConfigurationPlatforms) = preSolution
		Debug|Any CPU = Debug|Any CPU
		Release|Any CPU = Release|Any CPU
	EndGlobalSection
	GlobalSection(ProjectConfigurationPlatforms) = postSolution
		{42272846-6C3C-4416-BFCB-0D792A3ABCB6}.Debug|Any CPU.ActiveCfg = Debug|Any CPU
		{42272846-6C3C-4416-BFCB-0D792A3ABCB6}.Debug|Any CPU.Build.0 = Debug|Any CPU
		{42272846-6C3C-4416-BFCB-0D792A3ABCB6}.Release|Any CPU.ActiveCfg = Release|Any CPU
		{42272846-6C3C-4416-BFCB-0D792A3ABCB6}.Release|Any CPU.Build.0 = Release|Any CPU
	EndGlobalSection
	GlobalSection(SolutionProperties) = preSolution
		HideSolutionNode = FALSE
	EndGlobalSection
	GlobalSection(ExtensibilityGlobals) = postSolution
		SolutionGuid = {77D17C1A-2556-49DD-873A-7D3FD2A8AB88}
	EndGlobalSection
EndGlobal
